github.com/deniswernert/go-fstab v0.0.0-20141204152952-eb4090f26517 h1:YMvaGdOIUowdD6ZybqLsUamGvWONZViUeW6T22U7fP0=
github.com/deniswernert/go-fstab v0.0.0-20141204152952-eb4090f26517/go.mod h1:ixLGX4GUQg44igA/iJawr+KYZLyWOoAzAgTCQcJ/K9Y=
github.com/gorilla/mux v1.8.0 h1:i40aqfkR1h2SlN9hojwV5ZA91wcXFOvkdNIeFDP5koI=
github.com/gorilla/mux v1.8.0/go.mod h1:DVbg23sWSpFRCP0SfiEN6jmj59UnW/n46BH5rLB71So=
